
Microsoft Visual Studio Solution File, Format Version 12.00
# Visual Studio 15
VisualStudioVersion = 15.0.26430.16
MinimumVisualStudioVersion = 10.0.40219.1
Project("{FAE04EC0-301F-11D3-BF4B-00C04F79EFBC}") = "MyScreenshotAssistant3", "MyScreenshotAssistant3\MyScreenshotAssistant3.csproj", "{8009BE4C-2276-4384-80E3-0FF313263754}"
EndProject
Project("{FAE04EC0-301F-11D3-BF4B-00C04F79EFBC}") = "AutoUpdate", "AutoUpdate\AutoUpdate.csproj", "{80AE9FC0-86EF-4B5B-AC54-C3536C093E8E}"
EndProject
Global
	GlobalSection(SolutionConfigurationPlatforms) = preSolution
		Debug|Any CPU = Debug|Any CPU
		Release|Any CPU = Release|Any CPU
	EndGlobalSection
	GlobalSection(ProjectConfigurationPlatforms) = postSolution
		{8009BE4C-2276-4384-80E3-0FF313263754}.Debug|Any CPU.ActiveCfg = Debug|Any CPU
		{8009BE4C-2276-4384-80E3-0FF313263754}.Debug|Any CPU.Build.0 = Debug|Any CPU
		{8009BE4C-2276-4384-80E3-0FF313263754}.Release|Any CPU.ActiveCfg = Release|Any CPU
		{8009BE4C-2276-4384-80E3-0FF313263754}.Release|Any CPU.Build.0 = Release|Any CPU
		{80AE9FC0-86EF-4B5B-AC54-C3536C093E8E}.Debug|Any CPU.ActiveCfg = Debug|Any CPU
		{80AE9FC0-86EF-4B5B-AC54-C3536C093E8E}.Debug|Any CPU.Build.0 = Debug|Any CPU
		{80AE9FC0-86EF-4B5B-AC54-C3536C093E8E}.Release|Any CPU.ActiveCfg = Release|Any CPU
		{80AE9FC0-86EF-4B5B-AC54-C3536C093E8E}.Release|Any CPU.Build.0 = Release|Any CPU
	EndGlobalSection
	GlobalSection(SolutionProperties) = preSolution
		HideSolutionNode = FALSE
	EndGlobalSection
EndGlobal
